
Microsoft Visual Studio Solution File, Format Version 12.00
# Visual Studio Version 16
VisualStudioVersion = 16.0.31410.357
MinimumVisualStudioVersion = 10.0.40219.1
Project("{FAE04EC0-301F-11D3-BF4B-00C04F79EFBC}") = "KS.MainApi", "KS.MainApi\KS.MainApi.csproj", "{0007EDA4-414F-4FB5-9BFC-ECE47DCF22B0}"
EndProject
Global
	GlobalSection(SolutionConfigurationPlatforms) = preSolution
		Debug|Any CPU = Debug|Any CPU
		Release|Any CPU = Release|Any CPU
	EndGlobalSection
	GlobalSection(ProjectConfigurationPlatforms) = postSolution
		{0007EDA4-414F-4FB5-9BFC-ECE47DCF22B0}.Debug|Any CPU.ActiveCfg = Debug|Any CPU
		{0007EDA4-414F-4FB5-9BFC-ECE47DCF22B0}.Debug|Any CPU.Build.0 = Debug|Any CPU
		{0007EDA4-414F-4FB5-9BFC-ECE47DCF22B0}.Release|Any CPU.ActiveCfg = Release|Any CPU
		{0007EDA4-414F-4FB5-9BFC-ECE47DCF22B0}.Release|Any CPU.Build.0 = Release|Any CPU
	EndGlobalSection
	GlobalSection(SolutionProperties) = preSolution
		HideSolutionNode = FALSE
	EndGlobalSection
	GlobalSection(ExtensibilityGlobals) = postSolution
		SolutionGuid = {042F007D-6A0C-4297-9076-740FD02D3B7F}
	EndGlobalSection
EndGlobal
